// !$*UTF8*$!
{
	archiveVersion = 1;
	classes = {
	};
	objectVersion = 77;
	objects = {

/* Begin PBXContainerItemProxy section */
		920ABC8B2D70D6A000D760E4 /* PBXContainerItemProxy */ = {
			isa = PBXContainerItemProxy;
			containerPortal = 920ABC6C2D70D69F00D760E4 /* Project object */;
			proxyType = 1;
			remoteGlobalIDString = 920ABC732D70D69F00D760E4;
			remoteInfo = DataModel;
		};
		920ABC952D70D6A000D760E4 /* PBXContainerItemProxy */ = {
			isa = PBXContainerItemProxy;
			containerPortal = 920ABC6C2D70D69F00D760E4 /* Project object */;
			proxyType = 1;
			remoteGlobalIDString = 920ABC732D70D69F00D760E4;
			remoteInfo = DataModel;
		};
/* End PBXContainerItemProxy section */

/* Begin PBXFileReference section */
		920ABC742D70D69F00D760E4 /* DataModel.app */ = {isa = PBXFileReference; explicitFileType = wrapper.application; includeInIndex = 0; path = DataModel.app; sourceTree = BUILT_PRODUCTS_DIR; };
		920ABC8A2D70D6A000D760E4 /* DataModelTests.xctest */ = {isa = PBXFileReference; explicitFileType = wrapper.cfbundle; includeInIndex = 0; path = DataModelTests.xctest; sourceTree = BUILT_PRODUCTS_DIR; };
		920ABC942D70D6A000D760E4 /* DataModelUITests.xctest */ = {isa = PBXFileReference; explicitFileType = wrapper.cfbundle; includeInIndex = 0; path = DataModelUITests.xctest; sourceTree = BUILT_PRODUCTS_DIR; };
/* End PBXFileReference section */

/* Begin PBXFileSystemSynchronizedBuildFileExceptionSet section */
		924A97182D8096C3004CE3E7 /* Exceptions for "DataModel" folder in "DataModel" target */ = {
			isa = PBXFileSystemSynchronizedBuildFileExceptionSet;
			membershipExceptions = (
				gestionDevisFact/QuoteSaver.swift,
				PDF/NSImageViewRepresentable.swift.old,
				Quote/A4SheetView.old,
				Quote/ArticleSelectionView.old,
				"Quote/NewQuoteView 2.swift.test",
				Quote/NewQuoteView.old,
				Quote/QuoteArticle.old,
				Quote/ScalableA4SheetView.swift.old,
				Quote/TableColumns.old,
			);
			target = 920ABC732D70D69F00D760E4 /* DataModel */;
		};
/* End PBXFileSystemSynchronizedBuildFileExceptionSet section */

/* Begin PBXFileSystemSynchronizedGroupBuildPhaseMembershipExceptionSet section */
		9242CBEF2D9BDD9B007283AD /* Exceptions for "DataModel" folder in "Copy Bundle Resources" phase from "DataModel" target */ = {
			isa = PBXFileSystemSynchronizedGroupBuildPhaseMembershipExceptionSet;
			buildPhase = 920ABC722D70D69F00D760E4 /* Resources */;
			membershipExceptions = (
				gestionDevisFact/QuoteSaver.swift,
			);
		};
		924A97192D8096C3004CE3E7 /* Exceptions for "DataModel" folder in "Compile Sources" phase from "DataModel" target */ = {
			isa = PBXFileSystemSynchronizedGroupBuildPhaseMembershipExceptionSet;
			buildPhase = 920ABC702D70D69F00D760E4 /* Sources */;
			membershipExceptions = (
				PDF/NSImageViewRepresentable.swift.old,
				Quote/A4SheetView.old,
				Quote/ArticleSelectionView.old,
				"Quote/NewQuoteView 2.swift.test",
				Quote/NewQuoteView.old,
				Quote/QuoteArticle.old,
				Quote/ScalableA4SheetView.swift.old,
				Quote/TableColumns.old,
			);
		};
/* End PBXFileSystemSynchronizedGroupBuildPhaseMembershipExceptionSet section */

/* Begin PBXFileSystemSynchronizedRootGroup section */
		920ABC762D70D69F00D760E4 /* DataModel */ = {
			isa = PBXFileSystemSynchronizedRootGroup;
			exceptions = (
				924A97182D8096C3004CE3E7 /* Exceptions for "DataModel" folder in "DataModel" target */,
				924A97192D8096C3004CE3E7 /* Exceptions for "DataModel" folder in "Compile Sources" phase from "DataModel" target */,
				9242CBEF2D9BDD9B007283AD /* Exceptions for "DataModel" folder in "Copy Bundle Resources" phase from "DataModel" target */,
			);
			path = DataModel;
			sourceTree = "<group>";
		};
		920ABC8D2D70D6A000D760E4 /* DataModelTests */ = {
			isa = PBXFileSystemSynchronizedRootGroup;
			path = DataModelTests;
			sourceTree = "<group>";
		};
		920ABC972D70D6A000D760E4 /* DataModelUITests */ = {
			isa = PBXFileSystemSynchronizedRootGroup;
			path = DataModelUITests;
			sourceTree = "<group>";
		};
/* End PBXFileSystemSynchronizedRootGroup section */

/* Begin PBXFrameworksBuildPhase section */
		920ABC712D70D69F00D760E4 /* Frameworks */ = {
			isa = PBXFrameworksBuildPhase;
			buildActionMask = 2147483647;
			files = (
			);
			runOnlyForDeploymentPostprocessing = 0;
		};
		920ABC872D70D6A000D760E4 /* Frameworks */ = {
			isa = PBXFrameworksBuildPhase;
			buildActionMask = 2147483647;
			files = (
			);
			runOnlyForDeploymentPostprocessing = 0;
		};
		920ABC912D70D6A000D760E4 /* Frameworks */ = {
			isa = PBXFrameworksBuildPhase;
			buildActionMask = 2147483647;
			files = (
			);
			runOnlyForDeploymentPostprocessing = 0;
		};
/* End PBXFrameworksBuildPhase section */

/* Begin PBXGroup section */
		920ABC6B2D70D69F00D760E4 = {
			isa = PBXGroup;
			children = (
				920ABC762D70D69F00D760E4 /* DataModel */,
				920ABC8D2D70D6A000D760E4 /* DataModelTests */,
				920ABC972D70D6A000D760E4 /* DataModelUITests */,
				920ABC752D70D69F00D760E4 /* Products */,
			);
			sourceTree = "<group>";
		};
		920ABC752D70D69F00D760E4 /* Products */ = {
			isa = PBXGroup;
			children = (
				920ABC742D70D69F00D760E4 /* DataModel.app */,
				920ABC8A2D70D6A000D760E4 /* DataModelTests.xctest */,
				920ABC942D70D6A000D760E4 /* DataModelUITests.xctest */,
			);
			name = Products;
			sourceTree = "<group>";
		};
/* End PBXGroup section */

/* Begin PBXNativeTarget section */
		920ABC732D70D69F00D760E4 /* DataModel */ = {
			isa = PBXNativeTarget;
			buildConfigurationList = 920ABC9E2D70D6A000D760E4 /* Build configuration list for PBXNativeTarget "DataModel" */;
			buildPhases = (
				920ABC702D70D69F00D760E4 /* Sources */,
				920ABC712D70D69F00D760E4 /* Frameworks */,
				920ABC722D70D69F00D760E4 /* Resources */,
			);
			buildRules = (
			);
			dependencies = (
			);
			fileSystemSynchronizedGroups = (
				920ABC762D70D69F00D760E4 /* DataModel */,
			);
			name = DataModel;
			packageProductDependencies = (
			);
			productName = DataModel;
			productReference = 920ABC742D70D69F00D760E4 /* DataModel.app */;
			productType = "com.apple.product-type.application";
		};
		920ABC892D70D6A000D760E4 /* DataModelTests */ = {
			isa = PBXNativeTarget;
			buildConfigurationList = 920ABCA12D70D6A000D760E4 /* Build configuration list for PBXNativeTarget "DataModelTests" */;
			buildPhases = (
				920ABC862D70D6A000D760E4 /* Sources */,
				920ABC872D70D6A000D760E4 /* Frameworks */,
				920ABC882D70D6A000D760E4 /* Resources */,
			);
			buildRules = (
			);
			dependencies = (
				920ABC8C2D70D6A000D760E4 /* PBXTargetDependency */,
			);
			fileSystemSynchronizedGroups = (
				920ABC8D2D70D6A000D760E4 /* DataModelTests */,
			);
			name = DataModelTests;
			packageProductDependencies = (
			);
			productName = DataModelTests;
			productReference = 920ABC8A2D70D6A000D760E4 /* DataModelTests.xctest */;
			productType = "com.apple.product-type.bundle.unit-test";
		};
		920ABC932D70D6A000D760E4 /* DataModelUITests */ = {
			isa = PBXNativeTarget;
			buildConfigurationList = 920ABCA42D70D6A000D760E4 /* Build configuration list for PBXNativeTarget "DataModelUITests" */;
			buildPhases = (
				920ABC902D70D6A000D760E4 /* Sources */,
				920ABC912D70D6A000D760E4 /* Frameworks */,
				920ABC922D70D6A000D760E4 /* Resources */,
			);
			buildRules = (
			);
			dependencies = (
				920ABC962D70D6A000D760E4 /* PBXTargetDependency */,
			);
			fileSystemSynchronizedGroups = (
				920ABC972D70D6A000D760E4 /* DataModelUITests */,
			);
			name = DataModelUITests;
			packageProductDependencies = (
			);
			productName = DataModelUITests;
			productReference = 920ABC942D70D6A000D760E4 /* DataModelUITests.xctest */;
			productType = "com.apple.product-type.bundle.ui-testing";
		};
/* End PBXNativeTarget section */

/* Begin PBXProject section */
		920ABC6C2D70D69F00D760E4 /* Project object */ = {
			isa = PBXProject;
			attributes = {
				BuildIndependentTargetsInParallel = 1;
				LastSwiftUpdateCheck = 1620;
				LastUpgradeCheck = 1620;
				TargetAttributes = {
					920ABC732D70D69F00D760E4 = {
						CreatedOnToolsVersion = 16.2;
					};
					920ABC892D70D6A000D760E4 = {
						CreatedOnToolsVersion = 16.2;
						TestTargetID = 920ABC732D70D69F00D760E4;
					};
					920ABC932D70D6A000D760E4 = {
						CreatedOnToolsVersion = 16.2;
						TestTargetID = 920ABC732D70D69F00D760E4;
					};
				};
			};
			buildConfigurationList = 920ABC6F2D70D69F00D760E4 /* Build configuration list for PBXProject "DataModel" */;
			developmentRegion = en;
			hasScannedForEncodings = 0;
			knownRegions = (
				en,
				Base,
			);
			mainGroup = 920ABC6B2D70D69F00D760E4;
			minimizedProjectReferenceProxies = 1;
			packageReferences = (
			);
			preferredProjectObjectVersion = 77;
			productRefGroup = 920ABC752D70D69F00D760E4 /* Products */;
			projectDirPath = "";
			projectRoot = "";
			targets = (
				920ABC732D70D69F00D760E4 /* DataModel */,
				920ABC892D70D6A000D760E4 /* DataModelTests */,
				920ABC932D70D6A000D760E4 /* DataModelUITests */,
			);
		};
/* End PBXProject section */

/* Begin PBXResourcesBuildPhase section */
		920ABC722D70D69F00D760E4 /* Resources */ = {
			isa = PBXResourcesBuildPhase;
			buildActionMask = 2147483647;
			files = (
			);
			runOnlyForDeploymentPostprocessing = 0;
		};
		920ABC882D70D6A000D760E4 /* Resources */ = {
			isa = PBXResourcesBuildPhase;
			buildActionMask = 2147483647;
			files = (
			);
			runOnlyForDeploymentPostprocessing = 0;
		};
		920ABC922D70D6A000D760E4 /* Resources */ = {
			isa = PBXResourcesBuildPhase;
			buildActionMask = 2147483647;
			files = (
			);
			runOnlyForDeploymentPostprocessing = 0;
		};
/* End PBXResourcesBuildPhase section */

/* Begin PBXSourcesBuildPhase section */
		920ABC702D70D69F00D760E4 /* Sources */ = {
			isa = PBXSourcesBuildPhase;
			buildActionMask = 2147483647;
			files = (
			);
			runOnlyForDeploymentPostprocessing = 0;
		};
		920ABC862D70D6A000D760E4 /* Sources */ = {
			isa = PBXSourcesBuildPhase;
			buildActionMask = 2147483647;
			files = (
			);
			runOnlyForDeploymentPostprocessing = 0;
		};
		920ABC902D70D6A000D760E4 /* Sources */ = {
			isa = PBXSourcesBuildPhase;
			buildActionMask = 2147483647;
			files = (
			);
			runOnlyForDeploymentPostprocessing = 0;
		};
/* End PBXSourcesBuildPhase section */

/* Begin PBXTargetDependency section */
		920ABC8C2D70D6A000D760E4 /* PBXTargetDependency */ = {
			isa = PBXTargetDependency;
			target = 920ABC732D70D69F00D760E4 /* DataModel */;
			targetProxy = 920ABC8B2D70D6A000D760E4 /* PBXContainerItemProxy */;
		};
		920ABC962D70D6A000D760E4 /* PBXTargetDependency */ = {
			isa = PBXTargetDependency;
			target = 920ABC732D70D69F00D760E4 /* DataModel */;
			targetProxy = 920ABC952D70D6A000D760E4 /* PBXContainerItemProxy */;
		};
/* End PBXTargetDependency section */

/* Begin XCBuildConfiguration section */
		920ABC9C2D70D6A000D760E4 /* Debug */ = {
			isa = XCBuildConfiguration;
			buildSettings = {
				ALWAYS_SEARCH_USER_PATHS = NO;
				ASSETCATALOG_COMPILER_GENERATE_SWIFT_ASSET_SYMBOL_EXTENSIONS = YES;
				CLANG_ANALYZER_NONNULL = YES;
				CLANG_ANALYZER_NUMBER_OBJECT_CONVERSION = YES_AGGRESSIVE;
				CLANG_CXX_LANGUAGE_STANDARD = "gnu++20";
				CLANG_ENABLE_MODULES = YES;
				CLANG_ENABLE_OBJC_ARC = YES;
				CLANG_ENABLE_OBJC_WEAK = YES;
				CLANG_WARN_BLOCK_CAPTURE_AUTORELEASING = YES;
				CLANG_WARN_BOOL_CONVERSION = YES;
				CLANG_WARN_COMMA = YES;
				CLANG_WARN_CONSTANT_CONVERSION = YES;
				CLANG_WARN_DEPRECATED_OBJC_IMPLEMENTATIONS = YES;
				CLANG_WARN_DIRECT_OBJC_ISA_USAGE = YES_ERROR;
				CLANG_WARN_DOCUMENTATION_COMMENTS = YES;
				CLANG_WARN_EMPTY_BODY = YES;
				CLANG_WARN_ENUM_CONVERSION = YES;
				CLANG_WARN_INFINITE_RECURSION = YES;
				CLANG_WARN_INT_CONVERSION = YES;
				CLANG_WARN_NON_LITERAL_NULL_CONVERSION = YES;
				CLANG_WARN_OBJC_IMPLICIT_RETAIN_SELF = YES;
				CLANG_WARN_OBJC_LITERAL_CONVERSION = YES;
				CLANG_WARN_OBJC_ROOT_CLASS = YES_ERROR;
				CLANG_WARN_QUOTED_INCLUDE_IN_FRAMEWORK_HEADER = YES;
				CLANG_WARN_RANGE_LOOP_ANALYSIS = YES;
				CLANG_WARN_STRICT_PROTOTYPES = YES;
				CLANG_WARN_SUSPICIOUS_MOVE = YES;
				CLANG_WARN_UNGUARDED_AVAILABILITY = YES_AGGRESSIVE;
				CLANG_WARN_UNREACHABLE_CODE = YES;
				CLANG_WARN__DUPLICATE_METHOD_MATCH = YES;
				COPY_PHASE_STRIP = NO;
				DEBUG_INFORMATION_FORMAT = dwarf;
				ENABLE_STRICT_OBJC_MSGSEND = YES;
				ENABLE_TESTABILITY = YES;
				ENABLE_USER_SCRIPT_SANDBOXING = YES;
				GCC_C_LANGUAGE_STANDARD = gnu17;
				GCC_DYNAMIC_NO_PIC = NO;
				GCC_NO_COMMON_BLOCKS = YES;
				GCC_OPTIMIZATION_LEVEL = 0;
				GCC_PREPROCESSOR_DEFINITIONS = (
					"DEBUG=1",
					"$(inherited)",
				);
				GCC_WARN_64_TO_32_BIT_CONVERSION = YES;
				GCC_WARN_ABOUT_RETURN_TYPE = YES_ERROR;
				GCC_WARN_UNDECLARED_SELECTOR = YES;
				GCC_WARN_UNINITIALIZED_AUTOS = YES_AGGRESSIVE;
				GCC_WARN_UNUSED_FUNCTION = YES;
				GCC_WARN_UNUSED_VARIABLE = YES;
				LOCALIZATION_PREFERS_STRING_CATALOGS = YES;
				MACOSX_DEPLOYMENT_TARGET = 14.6;
				MTL_ENABLE_DEBUG_INFO = INCLUDE_SOURCE;
				MTL_FAST_MATH = YES;
				ONLY_ACTIVE_ARCH = YES;
				SDKROOT = macosx;
				SWIFT_ACTIVE_COMPILATION_CONDITIONS = "DEBUG $(inherited)";
				SWIFT_OPTIMIZATION_LEVEL = "-Onone";
			};
			name = Debug;
		};
		920ABC9D2D70D6A000D760E4 /* Release */ = {
			isa = XCBuildConfiguration;
			buildSettings = {
				ALWAYS_SEARCH_USER_PATHS = NO;
				ASSETCATALOG_COMPILER_GENERATE_SWIFT_ASSET_SYMBOL_EXTENSIONS = YES;
				CLANG_ANALYZER_NONNULL = YES;
				CLANG_ANALYZER_NUMBER_OBJECT_CONVERSION = YES_AGGRESSIVE;
				CLANG_CXX_LANGUAGE_STANDARD = "gnu++20";
				CLANG_ENABLE_MODULES = YES;
				CLANG_ENABLE_OBJC_ARC = YES;
				CLANG_ENABLE_OBJC_WEAK = YES;
				CLANG_WARN_BLOCK_CAPTURE_AUTORELEASING = YES;
				CLANG_WARN_BOOL_CONVERSION = YES;
				CLANG_WARN_COMMA = YES;
				CLANG_WARN_CONSTANT_CONVERSION = YES;
				CLANG_WARN_DEPRECATED_OBJC_IMPLEMENTATIONS = YES;
				CLANG_WARN_DIRECT_OBJC_ISA_USAGE = YES_ERROR;
				CLANG_WARN_DOCUMENTATION_COMMENTS = YES;
				CLANG_WARN_EMPTY_BODY = YES;
				CLANG_WARN_ENUM_CONVERSION = YES;
				CLANG_WARN_INFINITE_RECURSION = YES;
				CLANG_WARN_INT_CONVERSION = YES;
				CLANG_WARN_NON_LITERAL_NULL_CONVERSION = YES;
				CLANG_WARN_OBJC_IMPLICIT_RETAIN_SELF = YES;
				CLANG_WARN_OBJC_LITERAL_CONVERSION = YES;
				CLANG_WARN_OBJC_ROOT_CLASS = YES_ERROR;
				CLANG_WARN_QUOTED_INCLUDE_IN_FRAMEWORK_HEADER = YES;
				CLANG_WARN_RANGE_LOOP_ANALYSIS = YES;
				CLANG_WARN_STRICT_PROTOTYPES = YES;
				CLANG_WARN_SUSPICIOUS_MOVE = YES;
				CLANG_WARN_UNGUARDED_AVAILABILITY = YES_AGGRESSIVE;
				CLANG_WARN_UNREACHABLE_CODE = YES;
				CLANG_WARN__DUPLICATE_METHOD_MATCH = YES;
				COPY_PHASE_STRIP = NO;
				DEBUG_INFORMATION_FORMAT = "dwarf-with-dsym";
				ENABLE_NS_ASSERTIONS = NO;
				ENABLE_STRICT_OBJC_MSGSEND = YES;
				ENABLE_USER_SCRIPT_SANDBOXING = YES;
				GCC_C_LANGUAGE_STANDARD = gnu17;
				GCC_NO_COMMON_BLOCKS = YES;
				GCC_WARN_64_TO_32_BIT_CONVERSION = YES;
				GCC_WARN_ABOUT_RETURN_TYPE = YES_ERROR;
				GCC_WARN_UNDECLARED_SELECTOR = YES;
				GCC_WARN_UNINITIALIZED_AUTOS = YES_AGGRESSIVE;
				GCC_WARN_UNUSED_FUNCTION = YES;
				GCC_WARN_UNUSED_VARIABLE = YES;
				LOCALIZATION_PREFERS_STRING_CATALOGS = YES;
				MACOSX_DEPLOYMENT_TARGET = 14.6;
				MTL_ENABLE_DEBUG_INFO = NO;
				MTL_FAST_MATH = YES;
				SDKROOT = macosx;
				SWIFT_COMPILATION_MODE = wholemodule;
			};
			name = Release;
		};
		920ABC9F2D70D6A000D760E4 /* Debug */ = {
			isa = XCBuildConfiguration;
			buildSettings = {
				ASSETCATALOG_COMPILER_APPICON_NAME = AppIcon;
				ASSETCATALOG_COMPILER_GLOBAL_ACCENT_COLOR_NAME = AccentColor;
				CODE_SIGN_ENTITLEMENTS = DataModel/DataModel.entitlements;
				CODE_SIGN_STYLE = Automatic;
				COMBINE_HIDPI_IMAGES = YES;
				CURRENT_PROJECT_VERSION = 1;
				DEVELOPMENT_ASSET_PATHS = "\"DataModel/Preview Content\"";
				ENABLE_PREVIEWS = YES;
				GENERATE_INFOPLIST_FILE = YES;
				INFOPLIST_KEY_NSHumanReadableCopyright = "";
				LD_RUNPATH_SEARCH_PATHS = (
					"$(inherited)",
					"@executable_path/../Frameworks",
				);
				MARKETING_VERSION = 1.0;
				PRODUCT_BUNDLE_IDENTIFIER = Facturation.DataModel;
				PRODUCT_NAME = "$(TARGET_NAME)";
				SWIFT_EMIT_LOC_STRINGS = YES;
				SWIFT_VERSION = 5.0;
			};
			name = Debug;
		};
		920ABCA02D70D6A000D760E4 /* Release */ = {
			isa = XCBuildConfiguration;
			buildSettings = {
				ASSETCATALOG_COMPILER_APPICON_NAME = AppIcon;
				ASSETCATALOG_COMPILER_GLOBAL_ACCENT_COLOR_NAME = AccentColor;
				CODE_SIGN_ENTITLEMENTS = DataModel/DataModel.entitlements;
				CODE_SIGN_STYLE = Automatic;
				COMBINE_HIDPI_IMAGES = YES;
				CURRENT_PROJECT_VERSION = 1;
				DEVELOPMENT_ASSET_PATHS = "\"DataModel/Preview Content\"";
				ENABLE_PREVIEWS = YES;
				GENERATE_INFOPLIST_FILE = YES;
				INFOPLIST_KEY_NSHumanReadableCopyright = "";
				LD_RUNPATH_SEARCH_PATHS = (
					"$(inherited)",
					"@executable_path/../Frameworks",
				);
				MARKETING_VERSION = 1.0;
				PRODUCT_BUNDLE_IDENTIFIER = Facturation.DataModel;
				PRODUCT_NAME = "$(TARGET_NAME)";
				SWIFT_EMIT_LOC_STRINGS = YES;
				SWIFT_VERSION = 5.0;
			};
			name = Release;
		};
		920ABCA22D70D6A000D760E4 /* Debug */ = {
			isa = XCBuildConfiguration;
			buildSettings = {
				BUNDLE_LOADER = "$(TEST_HOST)";
				CODE_SIGN_STYLE = Automatic;
				CURRENT_PROJECT_VERSION = 1;
				GENERATE_INFOPLIST_FILE = YES;
				MACOSX_DEPLOYMENT_TARGET = 14.6;
				MARKETING_VERSION = 1.0;
				PRODUCT_BUNDLE_IDENTIFIER = Facturation.DataModelTests;
				PRODUCT_NAME = "$(TARGET_NAME)";
				SWIFT_EMIT_LOC_STRINGS = NO;
				SWIFT_VERSION = 5.0;
				TEST_HOST = "$(BUILT_PRODUCTS_DIR)/DataModel.app/$(BUNDLE_EXECUTABLE_FOLDER_PATH)/DataModel";
			};
			name = Debug;
		};
		920ABCA32D70D6A000D760E4 /* Release */ = {
			isa = XCBuildConfiguration;
			buildSettings = {
				BUNDLE_LOADER = "$(TEST_HOST)";
				CODE_SIGN_STYLE = Automatic;
				CURRENT_PROJECT_VERSION = 1;
				GENERATE_INFOPLIST_FILE = YES;
				MACOSX_DEPLOYMENT_TARGET = 14.6;
				MARKETING_VERSION = 1.0;
				PRODUCT_BUNDLE_IDENTIFIER = Facturation.DataModelTests;
				PRODUCT_NAME = "$(TARGET_NAME)";
				SWIFT_EMIT_LOC_STRINGS = NO;
				SWIFT_VERSION = 5.0;
				TEST_HOST = "$(BUILT_PRODUCTS_DIR)/DataModel.app/$(BUNDLE_EXECUTABLE_FOLDER_PATH)/DataModel";
			};
			name = Release;
		};
		920ABCA52D70D6A000D760E4 /* Debug */ = {
			isa = XCBuildConfiguration;
			buildSettings = {
				CODE_SIGN_STYLE = Automatic;
				CURRENT_PROJECT_VERSION = 1;
				GENERATE_INFOPLIST_FILE = YES;
				MARKETING_VERSION = 1.0;
				PRODUCT_BUNDLE_IDENTIFIER = Facturation.DataModelUITests;
				PRODUCT_NAME = "$(TARGET_NAME)";
				SWIFT_EMIT_LOC_STRINGS = NO;
				SWIFT_VERSION = 5.0;
				TEST_TARGET_NAME = DataModel;
			};
			name = Debug;
		};
		920ABCA62D70D6A000D760E4 /* Release */ = {
			isa = XCBuildConfiguration;
			buildSettings = {
				CODE_SIGN_STYLE = Automatic;
				CURRENT_PROJECT_VERSION = 1;
				GENERATE_INFOPLIST_FILE = YES;
				MARKETING_VERSION = 1.0;
				PRODUCT_BUNDLE_IDENTIFIER = Facturation.DataModelUITests;
				PRODUCT_NAME = "$(TARGET_NAME)";
				SWIFT_EMIT_LOC_STRINGS = NO;
				SWIFT_VERSION = 5.0;
				TEST_TARGET_NAME = DataModel;
			};
			name = Release;
		};
/* End XCBuildConfiguration section */

/* Begin XCConfigurationList section */
		920ABC6F2D70D69F00D760E4 /* Build configuration list for PBXProject "DataModel" */ = {
			isa = XCConfigurationList;
			buildConfigurations = (
				920ABC9C2D70D6A000D760E4 /* Debug */,
				920ABC9D2D70D6A000D760E4 /* Release */,
			);
			defaultConfigurationIsVisible = 0;
			defaultConfigurationName = Release;
		};
		920ABC9E2D70D6A000D760E4 /* Build configuration list for PBXNativeTarget "DataModel" */ = {
			isa = XCConfigurationList;
			buildConfigurations = (
				920ABC9F2D70D6A000D760E4 /* Debug */,
				920ABCA02D70D6A000D760E4 /* Release */,
			);
			defaultConfigurationIsVisible = 0;
			defaultConfigurationName = Release;
		};
		920ABCA12D70D6A000D760E4 /* Build configuration list for PBXNativeTarget "DataModelTests" */ = {
			isa = XCConfigurationList;
			buildConfigurations = (
				920ABCA22D70D6A000D760E4 /* Debug */,
				920ABCA32D70D6A000D760E4 /* Release */,
			);
			defaultConfigurationIsVisible = 0;
			defaultConfigurationName = Release;
		};
		920ABCA42D70D6A000D760E4 /* Build configuration list for PBXNativeTarget "DataModelUITests" */ = {
			isa = XCConfigurationList;
			buildConfigurations = (
				920ABCA52D70D6A000D760E4 /* Debug */,
				920ABCA62D70D6A000D760E4 /* Release */,
			);
			defaultConfigurationIsVisible = 0;
			defaultConfigurationName = Release;
		};
/* End XCConfigurationList section */
	};
	rootObject = 920ABC6C2D70D69F00D760E4 /* Project object */;
}
